
Microsoft Visual Studio Solution File, Format Version 12.00
# Visual Studio Version 16
VisualStudioVersion = 16.0.30114.105
MinimumVisualStudioVersion = 10.0.40219.1
Project("{9A19103F-16F7-4668-BE54-9A1E7A4F7556}") = "VigenereCipher", "VigenereCipher\VigenereCipher.csproj", "{A5DC5B2C-A91A-4EE6-AADB-DDAAAEDE4C7E}"
EndProject
Project("{FAE04EC0-301F-11D3-BF4B-00C04F79EFBC}") = "VigenereCipher.Tests", "VigenereCipher.Tests\VigenereCipher.Tests.csproj", "{A569D168-3BF8-4F84-AED1-C85FBBDDC345}"
EndProject
Global
	GlobalSection(SolutionConfigurationPlatforms) = preSolution
		Debug|Any CPU = Debug|Any CPU
		Release|Any CPU = Release|Any CPU
	EndGlobalSection
	GlobalSection(ProjectConfigurationPlatforms) = postSolution
		{A5DC5B2C-A91A-4EE6-AADB-DDAAAEDE4C7E}.Debug|Any CPU.ActiveCfg = Debug|Any CPU
		{A5DC5B2C-A91A-4EE6-AADB-DDAAAEDE4C7E}.Debug|Any CPU.Build.0 = Debug|Any CPU
		{A5DC5B2C-A91A-4EE6-AADB-DDAAAEDE4C7E}.Release|Any CPU.ActiveCfg = Release|Any CPU
		{A5DC5B2C-A91A-4EE6-AADB-DDAAAEDE4C7E}.Release|Any CPU.Build.0 = Release|Any CPU
		{A569D168-3BF8-4F84-AED1-C85FBBDDC345}.Debug|Any CPU.ActiveCfg = Debug|Any CPU
		{A569D168-3BF8-4F84-AED1-C85FBBDDC345}.Debug|Any CPU.Build.0 = Debug|Any CPU
		{A569D168-3BF8-4F84-AED1-C85FBBDDC345}.Release|Any CPU.ActiveCfg = Release|Any CPU
		{A569D168-3BF8-4F84-AED1-C85FBBDDC345}.Release|Any CPU.Build.0 = Release|Any CPU
	EndGlobalSection
	GlobalSection(SolutionProperties) = preSolution
		HideSolutionNode = FALSE
	EndGlobalSection
	GlobalSection(ExtensibilityGlobals) = postSolution
		SolutionGuid = {03C263C9-ADE2-4F4E-99EB-6540B5B08B33}
	EndGlobalSection
EndGlobal
